
Microsoft Visual Studio Solution File, Format Version 12.00
# Visual Studio Version 17
VisualStudioVersion = 17.3.32804.467
MinimumVisualStudioVersion = 10.0.40219.1
Project("{9A19103F-16F7-4668-BE54-9A1E7A4F7556}") = "RazorPagesCrash", "RazorPagesCrash\RazorPagesCrash.csproj", "{AD8BB3C3-2542-4EE5-9158-594529033624}"
EndProject
Global
	GlobalSection(SolutionConfigurationPlatforms) = preSolution
		Debug|Any CPU = Debug|Any CPU
		Release|Any CPU = Release|Any CPU
	EndGlobalSection
	GlobalSection(ProjectConfigurationPlatforms) = postSolution
		{AD8BB3C3-2542-4EE5-9158-594529033624}.Debug|Any CPU.ActiveCfg = Debug|Any CPU
		{AD8BB3C3-2542-4EE5-9158-594529033624}.Debug|Any CPU.Build.0 = Debug|Any CPU
		{AD8BB3C3-2542-4EE5-9158-594529033624}.Release|Any CPU.ActiveCfg = Release|Any CPU
		{AD8BB3C3-2542-4EE5-9158-594529033624}.Release|Any CPU.Build.0 = Release|Any CPU
	EndGlobalSection
	GlobalSection(SolutionProperties) = preSolution
		HideSolutionNode = FALSE
	EndGlobalSection
	GlobalSection(ExtensibilityGlobals) = postSolution
		SolutionGuid = {85D361B7-F875-4DAD-84A3-2CC406ED903D}
	EndGlobalSection
EndGlobal
